
Microsoft Visual Studio Solution File, Format Version 12.00
# Visual Studio Version 16
VisualStudioVersion = 16.0.31112.23
MinimumVisualStudioVersion = 10.0.40219.1
Project("{FAE04EC0-301F-11D3-BF4B-00C04F79EFBC}") = "Wareship", "Wareship.csproj", "{0F85306C-0292-435D-9A46-643D3B76121A}"
EndProject
Global
	GlobalSection(SolutionConfigurationPlatforms) = preSolution
		Debug|Any CPU = Debug|Any CPU
		Release|Any CPU = Release|Any CPU
	EndGlobalSection
	GlobalSection(ProjectConfigurationPlatforms) = postSolution
		{0F85306C-0292-435D-9A46-643D3B76121A}.Debug|Any CPU.ActiveCfg = Debug|Any CPU
		{0F85306C-0292-435D-9A46-643D3B76121A}.Debug|Any CPU.Build.0 = Debug|Any CPU
		{0F85306C-0292-435D-9A46-643D3B76121A}.Release|Any CPU.ActiveCfg = Release|Any CPU
		{0F85306C-0292-435D-9A46-643D3B76121A}.Release|Any CPU.Build.0 = Release|Any CPU
	EndGlobalSection
	GlobalSection(SolutionProperties) = preSolution
		HideSolutionNode = FALSE
	EndGlobalSection
	GlobalSection(ExtensibilityGlobals) = postSolution
		SolutionGuid = {B078F80D-B59D-4190-A5CC-0C5D716747A1}
	EndGlobalSection
EndGlobal
